
Microsoft Visual Studio Solution File, Format Version 12.00
# Visual Studio 14
VisualStudioVersion = 14.0.23107.0
MinimumVisualStudioVersion = 10.0.40219.1
Project("{FAE04EC0-301F-11D3-BF4B-00C04F79EFBC}") = "RedsysTPV", "RedsysTPV\RedsysTPV.csproj", "{98C91F9B-7F7A-44BA-B5DA-B6B1CE550F0C}"
EndProject
Project("{FAE04EC0-301F-11D3-BF4B-00C04F79EFBC}") = "RedsysTPV.Tests", "RedsysTPV.Tests\RedsysTPV.Tests.csproj", "{2D3EC8F2-B35D-42CB-9EA3-19300E1BEE0A}"
EndProject
Project("{FAE04EC0-301F-11D3-BF4B-00C04F79EFBC}") = "RedsysTPV.WebSample", "RedsysTPV.WebSample\RedsysTPV.WebSample.csproj", "{EC89DF5D-B53F-471E-B563-CB655D9445E7}"
EndProject
Global
	GlobalSection(SolutionConfigurationPlatforms) = preSolution
		Debug|Any CPU = Debug|Any CPU
		Release|Any CPU = Release|Any CPU
	EndGlobalSection
	GlobalSection(ProjectConfigurationPlatforms) = postSolution
		{98C91F9B-7F7A-44BA-B5DA-B6B1CE550F0C}.Debug|Any CPU.ActiveCfg = Debug|Any CPU
		{98C91F9B-7F7A-44BA-B5DA-B6B1CE550F0C}.Debug|Any CPU.Build.0 = Debug|Any CPU
		{98C91F9B-7F7A-44BA-B5DA-B6B1CE550F0C}.Release|Any CPU.ActiveCfg = Release|Any CPU
		{98C91F9B-7F7A-44BA-B5DA-B6B1CE550F0C}.Release|Any CPU.Build.0 = Release|Any CPU
		{2D3EC8F2-B35D-42CB-9EA3-19300E1BEE0A}.Debug|Any CPU.ActiveCfg = Debug|Any CPU
		{2D3EC8F2-B35D-42CB-9EA3-19300E1BEE0A}.Debug|Any CPU.Build.0 = Debug|Any CPU
		{2D3EC8F2-B35D-42CB-9EA3-19300E1BEE0A}.Release|Any CPU.ActiveCfg = Release|Any CPU
		{2D3EC8F2-B35D-42CB-9EA3-19300E1BEE0A}.Release|Any CPU.Build.0 = Release|Any CPU
		{EC89DF5D-B53F-471E-B563-CB655D9445E7}.Debug|Any CPU.ActiveCfg = Debug|Any CPU
		{EC89DF5D-B53F-471E-B563-CB655D9445E7}.Debug|Any CPU.Build.0 = Debug|Any CPU
		{EC89DF5D-B53F-471E-B563-CB655D9445E7}.Release|Any CPU.ActiveCfg = Release|Any CPU
		{EC89DF5D-B53F-471E-B563-CB655D9445E7}.Release|Any CPU.Build.0 = Release|Any CPU
	EndGlobalSection
	GlobalSection(SolutionProperties) = preSolution
		HideSolutionNode = FALSE
	EndGlobalSection
EndGlobal
